
Microsoft Visual Studio Solution File, Format Version 12.00
# Visual Studio Version 16
VisualStudioVersion = 16.0.30330.147
MinimumVisualStudioVersion = 10.0.40219.1
Project("{2150E333-8FDC-42A3-9474-1A3956D46DE8}") = "src", "src", "{36A0BDA9-3909-41D1-8847-9BD42C3191DD}"
EndProject
Project("{2150E333-8FDC-42A3-9474-1A3956D46DE8}") = "test", "test", "{7BF026ED-2523-41CA-B61E-F554DC5E3E4E}"
EndProject
Project("{FAE04EC0-301F-11D3-BF4B-00C04F79EFBC}") = "Expenses.Api.IntegrationTest", "test\Expenses.Api.IntegrationTest\Expenses.Api.IntegrationTest.csproj", "{4187CE1C-DE62-4CDE-8BF5-1BE5DFF9EC5D}"
EndProject
Project("{FAE04EC0-301F-11D3-BF4B-00C04F79EFBC}") = "Expenses.Queries.Test", "test\Expenses.Queries.Test\Expenses.Queries.Test.csproj", "{9046F460-3ACE-4112-A630-A9899AFB52EE}"
EndProject
Project("{FAE04EC0-301F-11D3-BF4B-00C04F79EFBC}") = "Expenses.Api.Common", "src\Expenses.Api.Common\Expenses.Api.Common.csproj", "{2F3C164D-80FB-4BA6-9CBC-BF8EB460A564}"
EndProject
Project("{FAE04EC0-301F-11D3-BF4B-00C04F79EFBC}") = "Expenses.API", "src\Expenses.API\Expenses.API.csproj", "{BA8303A7-B912-41E2-B5E3-580C51E20D94}"
EndProject
Project("{FAE04EC0-301F-11D3-BF4B-00C04F79EFBC}") = "Expenses.Api.Models", "src\Expenses.Api.Models\Expenses.Api.Models.csproj", "{E102082A-CCCE-4DB7-9C09-A65591F7A0AA}"
EndProject
Project("{FAE04EC0-301F-11D3-BF4B-00C04F79EFBC}") = "Expenses.Data.Access", "src\Expenses.Data.Access\Expenses.Data.Access.csproj", "{BE510239-A923-4609-AE1F-B77E5CE6EC21}"
EndProject
Project("{FAE04EC0-301F-11D3-BF4B-00C04F79EFBC}") = "Expenses.Data.Model", "src\Expenses.Data.Model\Expenses.Data.Model.csproj", "{92482C0C-6B45-4A28-A789-1B694FB2CFE9}"
EndProject
Project("{FAE04EC0-301F-11D3-BF4B-00C04F79EFBC}") = "Expenses.Queries", "src\Expenses.Queries\Expenses.Queries.csproj", "{46D7D5F2-C043-4BFD-A648-C3DCB93D17B0}"
EndProject
Project("{FAE04EC0-301F-11D3-BF4B-00C04F79EFBC}") = "Expenses.Security", "src\Expenses.Security\Expenses.Security.csproj", "{1379A4E7-0131-4305-AFD0-4546B92E88AA}"
EndProject
Global
	GlobalSection(SolutionConfigurationPlatforms) = preSolution
		Debug|Any CPU = Debug|Any CPU
		Debug|x64 = Debug|x64
		Debug|x86 = Debug|x86
		Release|Any CPU = Release|Any CPU
		Release|x64 = Release|x64
		Release|x86 = Release|x86
	EndGlobalSection
	GlobalSection(ProjectConfigurationPlatforms) = postSolution
		{4187CE1C-DE62-4CDE-8BF5-1BE5DFF9EC5D}.Debug|Any CPU.ActiveCfg = Debug|Any CPU
		{4187CE1C-DE62-4CDE-8BF5-1BE5DFF9EC5D}.Debug|Any CPU.Build.0 = Debug|Any CPU
		{4187CE1C-DE62-4CDE-8BF5-1BE5DFF9EC5D}.Debug|x64.ActiveCfg = Debug|Any CPU
		{4187CE1C-DE62-4CDE-8BF5-1BE5DFF9EC5D}.Debug|x64.Build.0 = Debug|Any CPU
		{4187CE1C-DE62-4CDE-8BF5-1BE5DFF9EC5D}.Debug|x86.ActiveCfg = Debug|Any CPU
		{4187CE1C-DE62-4CDE-8BF5-1BE5DFF9EC5D}.Debug|x86.Build.0 = Debug|Any CPU
		{4187CE1C-DE62-4CDE-8BF5-1BE5DFF9EC5D}.Release|Any CPU.ActiveCfg = Release|Any CPU
		{4187CE1C-DE62-4CDE-8BF5-1BE5DFF9EC5D}.Release|Any CPU.Build.0 = Release|Any CPU
		{4187CE1C-DE62-4CDE-8BF5-1BE5DFF9EC5D}.Release|x64.ActiveCfg = Release|Any CPU
		{4187CE1C-DE62-4CDE-8BF5-1BE5DFF9EC5D}.Release|x64.Build.0 = Release|Any CPU
		{4187CE1C-DE62-4CDE-8BF5-1BE5DFF9EC5D}.Release|x86.ActiveCfg = Release|Any CPU
		{4187CE1C-DE62-4CDE-8BF5-1BE5DFF9EC5D}.Release|x86.Build.0 = Release|Any CPU
		{9046F460-3ACE-4112-A630-A9899AFB52EE}.Debug|Any CPU.ActiveCfg = Debug|Any CPU
		{9046F460-3ACE-4112-A630-A9899AFB52EE}.Debug|Any CPU.Build.0 = Debug|Any CPU
		{9046F460-3ACE-4112-A630-A9899AFB52EE}.Debug|x64.ActiveCfg = Debug|Any CPU
		{9046F460-3ACE-4112-A630-A9899AFB52EE}.Debug|x64.Build.0 = Debug|Any CPU
		{9046F460-3ACE-4112-A630-A9899AFB52EE}.Debug|x86.ActiveCfg = Debug|Any CPU
		{9046F460-3ACE-4112-A630-A9899AFB52EE}.Debug|x86.Build.0 = Debug|Any CPU
		{9046F460-3ACE-4112-A630-A9899AFB52EE}.Release|Any CPU.ActiveCfg = Release|Any CPU
		{9046F460-3ACE-4112-A630-A9899AFB52EE}.Release|Any CPU.Build.0 = Release|Any CPU
		{9046F460-3ACE-4112-A630-A9899AFB52EE}.Release|x64.ActiveCfg = Release|Any CPU
		{9046F460-3ACE-4112-A630-A9899AFB52EE}.Release|x64.Build.0 = Release|Any CPU
		{9046F460-3ACE-4112-A630-A9899AFB52EE}.Release|x86.ActiveCfg = Release|Any CPU
		{9046F460-3ACE-4112-A630-A9899AFB52EE}.Release|x86.Build.0 = Release|Any CPU
		{2F3C164D-80FB-4BA6-9CBC-BF8EB460A564}.Debug|Any CPU.ActiveCfg = Debug|Any CPU
		{2F3C164D-80FB-4BA6-9CBC-BF8EB460A564}.Debug|Any CPU.Build.0 = Debug|Any CPU
		{2F3C164D-80FB-4BA6-9CBC-BF8EB460A564}.Debug|x64.ActiveCfg = Debug|Any CPU
		{2F3C164D-80FB-4BA6-9CBC-BF8EB460A564}.Debug|x64.Build.0 = Debug|Any CPU
		{2F3C164D-80FB-4BA6-9CBC-BF8EB460A564}.Debug|x86.ActiveCfg = Debug|Any CPU
		{2F3C164D-80FB-4BA6-9CBC-BF8EB460A564}.Debug|x86.Build.0 = Debug|Any CPU
		{2F3C164D-80FB-4BA6-9CBC-BF8EB460A564}.Release|Any CPU.ActiveCfg = Release|Any CPU
		{2F3C164D-80FB-4BA6-9CBC-BF8EB460A564}.Release|Any CPU.Build.0 = Release|Any CPU
		{2F3C164D-80FB-4BA6-9CBC-BF8EB460A564}.Release|x64.ActiveCfg = Release|Any CPU
		{2F3C164D-80FB-4BA6-9CBC-BF8EB460A564}.Release|x64.Build.0 = Release|Any CPU
		{2F3C164D-80FB-4BA6-9CBC-BF8EB460A564}.Release|x86.ActiveCfg = Release|Any CPU
		{2F3C164D-80FB-4BA6-9CBC-BF8EB460A564}.Release|x86.Build.0 = Release|Any CPU
		{BA8303A7-B912-41E2-B5E3-580C51E20D94}.Debug|Any CPU.ActiveCfg = Debug|Any CPU
		{BA8303A7-B912-41E2-B5E3-580C51E20D94}.Debug|Any CPU.Build.0 = Debug|Any CPU
		{BA8303A7-B912-41E2-B5E3-580C51E20D94}.Debug|x64.ActiveCfg = Debug|Any CPU
		{BA8303A7-B912-41E2-B5E3-580C51E20D94}.Debug|x64.Build.0 = Debug|Any CPU
		{BA8303A7-B912-41E2-B5E3-580C51E20D94}.Debug|x86.ActiveCfg = Debug|Any CPU
		{BA8303A7-B912-41E2-B5E3-580C51E20D94}.Debug|x86.Build.0 = Debug|Any CPU
		{BA8303A7-B912-41E2-B5E3-580C51E20D94}.Release|Any CPU.ActiveCfg = Release|Any CPU
		{BA8303A7-B912-41E2-B5E3-580C51E20D94}.Release|Any CPU.Build.0 = Release|Any CPU
		{BA8303A7-B912-41E2-B5E3-580C51E20D94}.Release|x64.ActiveCfg = Release|Any CPU
		{BA8303A7-B912-41E2-B5E3-580C51E20D94}.Release|x64.Build.0 = Release|Any CPU
		{BA8303A7-B912-41E2-B5E3-580C51E20D94}.Release|x86.ActiveCfg = Release|Any CPU
		{BA8303A7-B912-41E2-B5E3-580C51E20D94}.Release|x86.Build.0 = Release|Any CPU
		{E102082A-CCCE-4DB7-9C09-A65591F7A0AA}.Debug|Any CPU.ActiveCfg = Debug|Any CPU
		{E102082A-CCCE-4DB7-9C09-A65591F7A0AA}.Debug|Any CPU.Build.0 = Debug|Any CPU
		{E102082A-CCCE-4DB7-9C09-A65591F7A0AA}.Debug|x64.ActiveCfg = Debug|Any CPU
		{E102082A-CCCE-4DB7-9C09-A65591F7A0AA}.Debug|x64.Build.0 = Debug|Any CPU
		{E102082A-CCCE-4DB7-9C09-A65591F7A0AA}.Debug|x86.ActiveCfg = Debug|Any CPU
		{E102082A-CCCE-4DB7-9C09-A65591F7A0AA}.Debug|x86.Build.0 = Debug|Any CPU
		{E102082A-CCCE-4DB7-9C09-A65591F7A0AA}.Release|Any CPU.ActiveCfg = Release|Any CPU
		{E102082A-CCCE-4DB7-9C09-A65591F7A0AA}.Release|Any CPU.Build.0 = Release|Any CPU
		{E102082A-CCCE-4DB7-9C09-A65591F7A0AA}.Release|x64.ActiveCfg = Release|Any CPU
		{E102082A-CCCE-4DB7-9C09-A65591F7A0AA}.Release|x64.Build.0 = Release|Any CPU
		{E102082A-CCCE-4DB7-9C09-A65591F7A0AA}.Release|x86.ActiveCfg = Release|Any CPU
		{E102082A-CCCE-4DB7-9C09-A65591F7A0AA}.Release|x86.Build.0 = Release|Any CPU
		{BE510239-A923-4609-AE1F-B77E5CE6EC21}.Debug|Any CPU.ActiveCfg = Debug|Any CPU
		{BE510239-A923-4609-AE1F-B77E5CE6EC21}.Debug|Any CPU.Build.0 = Debug|Any CPU
		{BE510239-A923-4609-AE1F-B77E5CE6EC21}.Debug|x64.ActiveCfg = Debug|Any CPU
		{BE510239-A923-4609-AE1F-B77E5CE6EC21}.Debug|x64.Build.0 = Debug|Any CPU
		{BE510239-A923-4609-AE1F-B77E5CE6EC21}.Debug|x86.ActiveCfg = Debug|Any CPU
		{BE510239-A923-4609-AE1F-B77E5CE6EC21}.Debug|x86.Build.0 = Debug|Any CPU
		{BE510239-A923-4609-AE1F-B77E5CE6EC21}.Release|Any CPU.ActiveCfg = Release|Any CPU
		{BE510239-A923-4609-AE1F-B77E5CE6EC21}.Release|Any CPU.Build.0 = Release|Any CPU
		{BE510239-A923-4609-AE1F-B77E5CE6EC21}.Release|x64.ActiveCfg = Release|Any CPU
		{BE510239-A923-4609-AE1F-B77E5CE6EC21}.Release|x64.Build.0 = Release|Any CPU
		{BE510239-A923-4609-AE1F-B77E5CE6EC21}.Release|x86.ActiveCfg = Release|Any CPU
		{BE510239-A923-4609-AE1F-B77E5CE6EC21}.Release|x86.Build.0 = Release|Any CPU
		{92482C0C-6B45-4A28-A789-1B694FB2CFE9}.Debug|Any CPU.ActiveCfg = Debug|Any CPU
		{92482C0C-6B45-4A28-A789-1B694FB2CFE9}.Debug|Any CPU.Build.0 = Debug|Any CPU
		{92482C0C-6B45-4A28-A789-1B694FB2CFE9}.Debug|x64.ActiveCfg = Debug|Any CPU
		{92482C0C-6B45-4A28-A789-1B694FB2CFE9}.Debug|x64.Build.0 = Debug|Any CPU
		{92482C0C-6B45-4A28-A789-1B694FB2CFE9}.Debug|x86.ActiveCfg = Debug|Any CPU
		{92482C0C-6B45-4A28-A789-1B694FB2CFE9}.Debug|x86.Build.0 = Debug|Any CPU
		{92482C0C-6B45-4A28-A789-1B694FB2CFE9}.Release|Any CPU.ActiveCfg = Release|Any CPU
		{92482C0C-6B45-4A28-A789-1B694FB2CFE9}.Release|Any CPU.Build.0 = Release|Any CPU
		{92482C0C-6B45-4A28-A789-1B694FB2CFE9}.Release|x64.ActiveCfg = Release|Any CPU
		{92482C0C-6B45-4A28-A789-1B694FB2CFE9}.Release|x64.Build.0 = Release|Any CPU
		{92482C0C-6B45-4A28-A789-1B694FB2CFE9}.Release|x86.ActiveCfg = Release|Any CPU
		{92482C0C-6B45-4A28-A789-1B694FB2CFE9}.Release|x86.Build.0 = Release|Any CPU
		{46D7D5F2-C043-4BFD-A648-C3DCB93D17B0}.Debug|Any CPU.ActiveCfg = Debug|Any CPU
		{46D7D5F2-C043-4BFD-A648-C3DCB93D17B0}.Debug|Any CPU.Build.0 = Debug|Any CPU
		{46D7D5F2-C043-4BFD-A648-C3DCB93D17B0}.Debug|x64.ActiveCfg = Debug|Any CPU
		{46D7D5F2-C043-4BFD-A648-C3DCB93D17B0}.Debug|x64.Build.0 = Debug|Any CPU
		{46D7D5F2-C043-4BFD-A648-C3DCB93D17B0}.Debug|x86.ActiveCfg = Debug|Any CPU
		{46D7D5F2-C043-4BFD-A648-C3DCB93D17B0}.Debug|x86.Build.0 = Debug|Any CPU
		{46D7D5F2-C043-4BFD-A648-C3DCB93D17B0}.Release|Any CPU.ActiveCfg = Release|Any CPU
		{46D7D5F2-C043-4BFD-A648-C3DCB93D17B0}.Release|Any CPU.Build.0 = Release|Any CPU
		{46D7D5F2-C043-4BFD-A648-C3DCB93D17B0}.Release|x64.ActiveCfg = Release|Any CPU
		{46D7D5F2-C043-4BFD-A648-C3DCB93D17B0}.Release|x64.Build.0 = Release|Any CPU
		{46D7D5F2-C043-4BFD-A648-C3DCB93D17B0}.Release|x86.ActiveCfg = Release|Any CPU
		{46D7D5F2-C043-4BFD-A648-C3DCB93D17B0}.Release|x86.Build.0 = Release|Any CPU
		{1379A4E7-0131-4305-AFD0-4546B92E88AA}.Debug|Any CPU.ActiveCfg = Debug|Any CPU
		{1379A4E7-0131-4305-AFD0-4546B92E88AA}.Debug|Any CPU.Build.0 = Debug|Any CPU
		{1379A4E7-0131-4305-AFD0-4546B92E88AA}.Debug|x64.ActiveCfg = Debug|Any CPU
		{1379A4E7-0131-4305-AFD0-4546B92E88AA}.Debug|x64.Build.0 = Debug|Any CPU
		{1379A4E7-0131-4305-AFD0-4546B92E88AA}.Debug|x86.ActiveCfg = Debug|Any CPU
		{1379A4E7-0131-4305-AFD0-4546B92E88AA}.Debug|x86.Build.0 = Debug|Any CPU
		{1379A4E7-0131-4305-AFD0-4546B92E88AA}.Release|Any CPU.ActiveCfg = Release|Any CPU
		{1379A4E7-0131-4305-AFD0-4546B92E88AA}.Release|Any CPU.Build.0 = Release|Any CPU
		{1379A4E7-0131-4305-AFD0-4546B92E88AA}.Release|x64.ActiveCfg = Release|Any CPU
		{1379A4E7-0131-4305-AFD0-4546B92E88AA}.Release|x64.Build.0 = Release|Any CPU
		{1379A4E7-0131-4305-AFD0-4546B92E88AA}.Release|x86.ActiveCfg = Release|Any CPU
		{1379A4E7-0131-4305-AFD0-4546B92E88AA}.Release|x86.Build.0 = Release|Any CPU
	EndGlobalSection
	GlobalSection(SolutionProperties) = preSolution
		HideSolutionNode = FALSE
	EndGlobalSection
	GlobalSection(NestedProjects) = preSolution
		{4187CE1C-DE62-4CDE-8BF5-1BE5DFF9EC5D} = {7BF026ED-2523-41CA-B61E-F554DC5E3E4E}
		{9046F460-3ACE-4112-A630-A9899AFB52EE} = {7BF026ED-2523-41CA-B61E-F554DC5E3E4E}
		{2F3C164D-80FB-4BA6-9CBC-BF8EB460A564} = {36A0BDA9-3909-41D1-8847-9BD42C3191DD}
		{BA8303A7-B912-41E2-B5E3-580C51E20D94} = {36A0BDA9-3909-41D1-8847-9BD42C3191DD}
		{E102082A-CCCE-4DB7-9C09-A65591F7A0AA} = {36A0BDA9-3909-41D1-8847-9BD42C3191DD}
		{BE510239-A923-4609-AE1F-B77E5CE6EC21} = {36A0BDA9-3909-41D1-8847-9BD42C3191DD}
		{92482C0C-6B45-4A28-A789-1B694FB2CFE9} = {36A0BDA9-3909-41D1-8847-9BD42C3191DD}
		{46D7D5F2-C043-4BFD-A648-C3DCB93D17B0} = {36A0BDA9-3909-41D1-8847-9BD42C3191DD}
		{1379A4E7-0131-4305-AFD0-4546B92E88AA} = {36A0BDA9-3909-41D1-8847-9BD42C3191DD}
	EndGlobalSection
	GlobalSection(ExtensibilityGlobals) = postSolution
		SolutionGuid = {12F9F8A2-463B-4FE0-A339-8179E89C5D05}
	EndGlobalSection
EndGlobal
