
Microsoft Visual Studio Solution File, Format Version 12.00
# Visual Studio Version 16
VisualStudioVersion = 16.0.30330.147
MinimumVisualStudioVersion = 10.0.40219.1
Project("{2150E333-8FDC-42A3-9474-1A3956D46DE8}") = "src", "src", "{E8B1ACFF-791D-459F-A671-C2B318ED2F86}"
EndProject
Project("{2150E333-8FDC-42A3-9474-1A3956D46DE8}") = "test", "test", "{9985E44E-64F4-4F96-9687-0937A0E37D10}"
EndProject
Project("{FAE04EC0-301F-11D3-BF4B-00C04F79EFBC}") = "Expenses.API", "Expenses.API\Expenses.API.csproj", "{6B6D9A67-61CC-483D-ADF3-61E486287886}"
EndProject
Project("{FAE04EC0-301F-11D3-BF4B-00C04F79EFBC}") = "Expenses.Security", "Expenses.Security\Expenses.Security.csproj", "{BCB0F164-1A00-4B4F-B1E5-1D45F818FBD5}"
EndProject
Project("{FAE04EC0-301F-11D3-BF4B-00C04F79EFBC}") = "Expenses.Queries", "Expenses.Queries\Expenses.Queries.csproj", "{67764893-9A9C-4D4E-83F1-C362569703E4}"
EndProject
Project("{FAE04EC0-301F-11D3-BF4B-00C04F79EFBC}") = "Expenses.Data.Model", "Expenses.Data.Model\Expenses.Data.Model.csproj", "{7D31D32B-96A2-4749-86E7-FE8731A069A0}"
EndProject
Project("{FAE04EC0-301F-11D3-BF4B-00C04F79EFBC}") = "Expenses.Data.Access", "Expenses.Data.Access\Expenses.Data.Access.csproj", "{FA8CD641-BEAC-4C2D-8F13-13FCF1AC357A}"
EndProject
Project("{FAE04EC0-301F-11D3-BF4B-00C04F79EFBC}") = "Expenses.Api.Models", "Expenses.Api.Models\Expenses.Api.Models.csproj", "{F3A7871B-DF41-4F64-9E44-2BD98E4576C5}"
EndProject
Project("{FAE04EC0-301F-11D3-BF4B-00C04F79EFBC}") = "Expenses.Api.Common", "Expenses.Api.Common\Expenses.Api.Common.csproj", "{840D5992-AA73-4354-B944-240CC6917439}"
EndProject
Project("{FAE04EC0-301F-11D3-BF4B-00C04F79EFBC}") = "Expenses.Api.IntegrationTest", "Expenses.Api.IntegrationTest\Expenses.Api.IntegrationTest.csproj", "{06EF4C24-7787-42AE-BDE1-122CF883E496}"
EndProject
Project("{FAE04EC0-301F-11D3-BF4B-00C04F79EFBC}") = "Expenses.Queries.Test", "Expenses.Queries.Test\Expenses.Queries.Test.csproj", "{07AE85B6-F8C8-4399-BCFE-BDA4CB8D5824}"
EndProject
Global
	GlobalSection(SolutionConfigurationPlatforms) = preSolution
		Debug|Any CPU = Debug|Any CPU
		Release|Any CPU = Release|Any CPU
	EndGlobalSection
	GlobalSection(ProjectConfigurationPlatforms) = postSolution
		{6B6D9A67-61CC-483D-ADF3-61E486287886}.Debug|Any CPU.ActiveCfg = Debug|Any CPU
		{6B6D9A67-61CC-483D-ADF3-61E486287886}.Debug|Any CPU.Build.0 = Debug|Any CPU
		{6B6D9A67-61CC-483D-ADF3-61E486287886}.Release|Any CPU.ActiveCfg = Release|Any CPU
		{6B6D9A67-61CC-483D-ADF3-61E486287886}.Release|Any CPU.Build.0 = Release|Any CPU
		{BCB0F164-1A00-4B4F-B1E5-1D45F818FBD5}.Debug|Any CPU.ActiveCfg = Debug|Any CPU
		{BCB0F164-1A00-4B4F-B1E5-1D45F818FBD5}.Debug|Any CPU.Build.0 = Debug|Any CPU
		{BCB0F164-1A00-4B4F-B1E5-1D45F818FBD5}.Release|Any CPU.ActiveCfg = Release|Any CPU
		{BCB0F164-1A00-4B4F-B1E5-1D45F818FBD5}.Release|Any CPU.Build.0 = Release|Any CPU
		{67764893-9A9C-4D4E-83F1-C362569703E4}.Debug|Any CPU.ActiveCfg = Debug|Any CPU
		{67764893-9A9C-4D4E-83F1-C362569703E4}.Debug|Any CPU.Build.0 = Debug|Any CPU
		{67764893-9A9C-4D4E-83F1-C362569703E4}.Release|Any CPU.ActiveCfg = Release|Any CPU
		{67764893-9A9C-4D4E-83F1-C362569703E4}.Release|Any CPU.Build.0 = Release|Any CPU
		{7D31D32B-96A2-4749-86E7-FE8731A069A0}.Debug|Any CPU.ActiveCfg = Debug|Any CPU
		{7D31D32B-96A2-4749-86E7-FE8731A069A0}.Debug|Any CPU.Build.0 = Debug|Any CPU
		{7D31D32B-96A2-4749-86E7-FE8731A069A0}.Release|Any CPU.ActiveCfg = Release|Any CPU
		{7D31D32B-96A2-4749-86E7-FE8731A069A0}.Release|Any CPU.Build.0 = Release|Any CPU
		{FA8CD641-BEAC-4C2D-8F13-13FCF1AC357A}.Debug|Any CPU.ActiveCfg = Debug|Any CPU
		{FA8CD641-BEAC-4C2D-8F13-13FCF1AC357A}.Debug|Any CPU.Build.0 = Debug|Any CPU
		{FA8CD641-BEAC-4C2D-8F13-13FCF1AC357A}.Release|Any CPU.ActiveCfg = Release|Any CPU
		{FA8CD641-BEAC-4C2D-8F13-13FCF1AC357A}.Release|Any CPU.Build.0 = Release|Any CPU
		{F3A7871B-DF41-4F64-9E44-2BD98E4576C5}.Debug|Any CPU.ActiveCfg = Debug|Any CPU
		{F3A7871B-DF41-4F64-9E44-2BD98E4576C5}.Debug|Any CPU.Build.0 = Debug|Any CPU
		{F3A7871B-DF41-4F64-9E44-2BD98E4576C5}.Release|Any CPU.ActiveCfg = Release|Any CPU
		{F3A7871B-DF41-4F64-9E44-2BD98E4576C5}.Release|Any CPU.Build.0 = Release|Any CPU
		{840D5992-AA73-4354-B944-240CC6917439}.Debug|Any CPU.ActiveCfg = Debug|Any CPU
		{840D5992-AA73-4354-B944-240CC6917439}.Debug|Any CPU.Build.0 = Debug|Any CPU
		{840D5992-AA73-4354-B944-240CC6917439}.Release|Any CPU.ActiveCfg = Release|Any CPU
		{840D5992-AA73-4354-B944-240CC6917439}.Release|Any CPU.Build.0 = Release|Any CPU
		{06EF4C24-7787-42AE-BDE1-122CF883E496}.Debug|Any CPU.ActiveCfg = Debug|Any CPU
		{06EF4C24-7787-42AE-BDE1-122CF883E496}.Debug|Any CPU.Build.0 = Debug|Any CPU
		{06EF4C24-7787-42AE-BDE1-122CF883E496}.Release|Any CPU.ActiveCfg = Release|Any CPU
		{06EF4C24-7787-42AE-BDE1-122CF883E496}.Release|Any CPU.Build.0 = Release|Any CPU
		{07AE85B6-F8C8-4399-BCFE-BDA4CB8D5824}.Debug|Any CPU.ActiveCfg = Debug|Any CPU
		{07AE85B6-F8C8-4399-BCFE-BDA4CB8D5824}.Debug|Any CPU.Build.0 = Debug|Any CPU
		{07AE85B6-F8C8-4399-BCFE-BDA4CB8D5824}.Release|Any CPU.ActiveCfg = Release|Any CPU
		{07AE85B6-F8C8-4399-BCFE-BDA4CB8D5824}.Release|Any CPU.Build.0 = Release|Any CPU
	EndGlobalSection
	GlobalSection(SolutionProperties) = preSolution
		HideSolutionNode = FALSE
	EndGlobalSection
	GlobalSection(NestedProjects) = preSolution
		{6B6D9A67-61CC-483D-ADF3-61E486287886} = {E8B1ACFF-791D-459F-A671-C2B318ED2F86}
		{BCB0F164-1A00-4B4F-B1E5-1D45F818FBD5} = {E8B1ACFF-791D-459F-A671-C2B318ED2F86}
		{67764893-9A9C-4D4E-83F1-C362569703E4} = {E8B1ACFF-791D-459F-A671-C2B318ED2F86}
		{7D31D32B-96A2-4749-86E7-FE8731A069A0} = {E8B1ACFF-791D-459F-A671-C2B318ED2F86}
		{FA8CD641-BEAC-4C2D-8F13-13FCF1AC357A} = {E8B1ACFF-791D-459F-A671-C2B318ED2F86}
		{F3A7871B-DF41-4F64-9E44-2BD98E4576C5} = {E8B1ACFF-791D-459F-A671-C2B318ED2F86}
		{840D5992-AA73-4354-B944-240CC6917439} = {E8B1ACFF-791D-459F-A671-C2B318ED2F86}
		{06EF4C24-7787-42AE-BDE1-122CF883E496} = {9985E44E-64F4-4F96-9687-0937A0E37D10}
		{07AE85B6-F8C8-4399-BCFE-BDA4CB8D5824} = {9985E44E-64F4-4F96-9687-0937A0E37D10}
	EndGlobalSection
	GlobalSection(ExtensibilityGlobals) = postSolution
		SolutionGuid = {12F9F8A2-463B-4FE0-A339-8179E89C5D05}
	EndGlobalSection
EndGlobal
